
Microsoft Visual Studio Solution File, Format Version 11.00
# Visual Studio 2010
Project("{FAE04EC0-301F-11D3-BF4B-00C04F79EFBC}") = "McJoeAdmin", "McJoeAdmin\McJoeAdmin.csproj", "{9312FD4F-431D-448B-86DA-6190B8B8CD8C}"
EndProject
Project("{FAE04EC0-301F-11D3-BF4B-00C04F79EFBC}") = "McJoeAdmin.Minecraft", "McJoeAdmin.Minecraft\McJoeAdmin.Minecraft.csproj", "{CF60FA0C-7C9D-4B0C-AEC1-EDE6D0117EFC}"
EndProject
Project("{FAE04EC0-301F-11D3-BF4B-00C04F79EFBC}") = "McJoeAdmin.ViewManager", "McJoeAdmin.ViewManager\McJoeAdmin.ViewManager.csproj", "{840026FE-F435-4222-8412-70C4F476B12E}"
EndProject
Project("{FAE04EC0-301F-11D3-BF4B-00C04F79EFBC}") = "McJoeAdmin.Model", "McJoeAdmin.Model\McJoeAdmin.Model.csproj", "{D0D243E6-C32F-4F9C-886E-1D3436DB3F00}"
EndProject
Project("{FAE04EC0-301F-11D3-BF4B-00C04F79EFBC}") = "DummyConsole", "DummyConsole\DummyConsole.csproj", "{87F2CE94-8D86-43EB-BFD5-C5F9D8F1E72C}"
EndProject
Project("{FAE04EC0-301F-11D3-BF4B-00C04F79EFBC}") = "McJoeAdmin.Cortex", "McJoeAdmin.Cortex\McJoeAdmin.Cortex.csproj", "{34EE9DC0-8660-4C62-B872-DB90AB0BCD81}"
EndProject
Project("{FAE04EC0-301F-11D3-BF4B-00C04F79EFBC}") = "McJoeAdmin.ModuleHost", "McJoeAdmin.ModuleHost\McJoeAdmin.ModuleHost.csproj", "{EB9395D8-0D59-4F50-90BF-46502F5C96C3}"
EndProject
Project("{2150E333-8FDC-42A3-9474-1A3956D46DE8}") = "McJoeAdmin.Modules", "McJoeAdmin.Modules", "{5349ECF3-0488-4F47-9A90-D19DAA3AE70B}"
EndProject
Project("{FAE04EC0-301F-11D3-BF4B-00C04F79EFBC}") = "McJoeAdmin.RandomOneLiners", "McJoeAdmin.Modules\McJoeAdmin.RandomOneLiners\McJoeAdmin.RandomOneLiners.csproj", "{2C9A9185-0E41-481C-B723-3CCAA6985F9F}"
EndProject
Project("{FAE04EC0-301F-11D3-BF4B-00C04F79EFBC}") = "McJoeAdmin.DefaultAdminModule", "McJoeAdmin.Modules\McJoeAdmin.DefaultAdminModule\McJoeAdmin.DefaultAdminModule.csproj", "{67B8CF90-FB0A-4B7B-9F2E-48A8CA9DB898}"
EndProject
Project("{FAE04EC0-301F-11D3-BF4B-00C04F79EFBC}") = "McJoeAdmin.TryToBreakIt", "McJoeAdmin.Modules\McJoeAdmin.TryToBreakIt\McJoeAdmin.TryToBreakIt.csproj", "{1BB13CE1-3106-4D8B-891B-343D561B1C13}"
EndProject
Project("{FAE04EC0-301F-11D3-BF4B-00C04F79EFBC}") = "McJoeAdmin.IrcBot", "McJoeAdmin.IrcBot\McJoeAdmin.IrcBot.csproj", "{38C77C18-A2C6-4C67-ACAE-9C139AE6213B}"
EndProject
Project("{FAE04EC0-301F-11D3-BF4B-00C04F79EFBC}") = "McJoeAdmin.BackupUtility", "McJoeAdmin.Modules\McJoeAdmin.BackupUtility\McJoeAdmin.BackupUtility.csproj", "{B5D6D75D-2685-48D4-80A1-413327D929FF}"
EndProject
Project("{FAE04EC0-301F-11D3-BF4B-00C04F79EFBC}") = "McJoeAdmin.PacketProcessor", "McJoeAdmin.PacketProcessor\McJoeAdmin.PacketProcessor.csproj", "{89FCE79F-7ED8-4E6F-B966-48F1890B46B1}"
EndProject
Project("{FAE04EC0-301F-11D3-BF4B-00C04F79EFBC}") = "McJoeAdmin.MaterialCalculator", "McJoeAdmin.Modules\McJoeAdmin.MaterialCalculator\McJoeAdmin.MaterialCalculator.csproj", "{45A2169D-EAB4-445B-A87D-815C1CE07F35}"
EndProject
Project("{FAE04EC0-301F-11D3-BF4B-00C04F79EFBC}") = "McJoeAdmin.InformationLookup", "McJoeAdmin.Modules\McJoeAdmin.InformationLookup\McJoeAdmin.InformationLookup.csproj", "{161AA32E-3388-4817-A9A7-04A1FE9D46B6}"
EndProject
Project("{2150E333-8FDC-42A3-9474-1A3956D46DE8}") = "McJOeAdmin.Modules.Tests", "McJOeAdmin.Modules.Tests", "{2F3198EE-546E-4549-8966-DCD1BA98F9DA}"
EndProject
Project("{FAE04EC0-301F-11D3-BF4B-00C04F79EFBC}") = "McJoeAdmin.InformationLookup.Tests", "McJoeAdmin.Modules.Tests\McJOeAdmin.InformationLookup.Tests\McJoeAdmin.InformationLookup.Tests.csproj", "{CA1ECD15-19B2-49B7-A9EC-101E2BA8FFBF}"
EndProject
Project("{FAE04EC0-301F-11D3-BF4B-00C04F79EFBC}") = "McJoeAdmin.DefaultAdminModule.Tests", "McJoeAdmin.Modules.Tests\McJoeAdmin.DefaultAdminModule.Tests\McJoeAdmin.DefaultAdminModule.Tests.csproj", "{46CCD00E-83E2-4E0E-9AD3-E675C050E710}"
EndProject
Project("{FAE04EC0-301F-11D3-BF4B-00C04F79EFBC}") = "TestHelpers", "McJoeAdmin.Modules.Tests\TestHelpers\TestHelpers.csproj", "{BFB03438-2A4C-4E5B-B7FF-340CCCA075EB}"
EndProject
Global
	GlobalSection(SolutionConfigurationPlatforms) = preSolution
		Debug|Any CPU = Debug|Any CPU
		Debug|Mixed Platforms = Debug|Mixed Platforms
		Debug|x86 = Debug|x86
		Release|Any CPU = Release|Any CPU
		Release|Mixed Platforms = Release|Mixed Platforms
		Release|x86 = Release|x86
	EndGlobalSection
	GlobalSection(ProjectConfigurationPlatforms) = postSolution
		{9312FD4F-431D-448B-86DA-6190B8B8CD8C}.Debug|Any CPU.ActiveCfg = Debug|x86
		{9312FD4F-431D-448B-86DA-6190B8B8CD8C}.Debug|Mixed Platforms.ActiveCfg = Debug|x86
		{9312FD4F-431D-448B-86DA-6190B8B8CD8C}.Debug|Mixed Platforms.Build.0 = Debug|x86
		{9312FD4F-431D-448B-86DA-6190B8B8CD8C}.Debug|x86.ActiveCfg = Debug|x86
		{9312FD4F-431D-448B-86DA-6190B8B8CD8C}.Debug|x86.Build.0 = Debug|x86
		{9312FD4F-431D-448B-86DA-6190B8B8CD8C}.Release|Any CPU.ActiveCfg = Release|x86
		{9312FD4F-431D-448B-86DA-6190B8B8CD8C}.Release|Mixed Platforms.ActiveCfg = Release|x86
		{9312FD4F-431D-448B-86DA-6190B8B8CD8C}.Release|Mixed Platforms.Build.0 = Release|x86
		{9312FD4F-431D-448B-86DA-6190B8B8CD8C}.Release|x86.ActiveCfg = Release|x86
		{9312FD4F-431D-448B-86DA-6190B8B8CD8C}.Release|x86.Build.0 = Release|x86
		{CF60FA0C-7C9D-4B0C-AEC1-EDE6D0117EFC}.Debug|Any CPU.ActiveCfg = Debug|Any CPU
		{CF60FA0C-7C9D-4B0C-AEC1-EDE6D0117EFC}.Debug|Any CPU.Build.0 = Debug|Any CPU
		{CF60FA0C-7C9D-4B0C-AEC1-EDE6D0117EFC}.Debug|Mixed Platforms.ActiveCfg = Debug|Any CPU
		{CF60FA0C-7C9D-4B0C-AEC1-EDE6D0117EFC}.Debug|Mixed Platforms.Build.0 = Debug|Any CPU
		{CF60FA0C-7C9D-4B0C-AEC1-EDE6D0117EFC}.Debug|x86.ActiveCfg = Debug|Any CPU
		{CF60FA0C-7C9D-4B0C-AEC1-EDE6D0117EFC}.Release|Any CPU.ActiveCfg = Release|Any CPU
		{CF60FA0C-7C9D-4B0C-AEC1-EDE6D0117EFC}.Release|Any CPU.Build.0 = Release|Any CPU
		{CF60FA0C-7C9D-4B0C-AEC1-EDE6D0117EFC}.Release|Mixed Platforms.ActiveCfg = Release|Any CPU
		{CF60FA0C-7C9D-4B0C-AEC1-EDE6D0117EFC}.Release|Mixed Platforms.Build.0 = Release|Any CPU
		{CF60FA0C-7C9D-4B0C-AEC1-EDE6D0117EFC}.Release|x86.ActiveCfg = Release|Any CPU
		{840026FE-F435-4222-8412-70C4F476B12E}.Debug|Any CPU.ActiveCfg = Debug|Any CPU
		{840026FE-F435-4222-8412-70C4F476B12E}.Debug|Any CPU.Build.0 = Debug|Any CPU
		{840026FE-F435-4222-8412-70C4F476B12E}.Debug|Mixed Platforms.ActiveCfg = Debug|Any CPU
		{840026FE-F435-4222-8412-70C4F476B12E}.Debug|Mixed Platforms.Build.0 = Debug|Any CPU
		{840026FE-F435-4222-8412-70C4F476B12E}.Debug|x86.ActiveCfg = Debug|Any CPU
		{840026FE-F435-4222-8412-70C4F476B12E}.Release|Any CPU.ActiveCfg = Release|Any CPU
		{840026FE-F435-4222-8412-70C4F476B12E}.Release|Any CPU.Build.0 = Release|Any CPU
		{840026FE-F435-4222-8412-70C4F476B12E}.Release|Mixed Platforms.ActiveCfg = Release|Any CPU
		{840026FE-F435-4222-8412-70C4F476B12E}.Release|Mixed Platforms.Build.0 = Release|Any CPU
		{840026FE-F435-4222-8412-70C4F476B12E}.Release|x86.ActiveCfg = Release|Any CPU
		{D0D243E6-C32F-4F9C-886E-1D3436DB3F00}.Debug|Any CPU.ActiveCfg = Debug|Any CPU
		{D0D243E6-C32F-4F9C-886E-1D3436DB3F00}.Debug|Any CPU.Build.0 = Debug|Any CPU
		{D0D243E6-C32F-4F9C-886E-1D3436DB3F00}.Debug|Mixed Platforms.ActiveCfg = Debug|Any CPU
		{D0D243E6-C32F-4F9C-886E-1D3436DB3F00}.Debug|Mixed Platforms.Build.0 = Debug|Any CPU
		{D0D243E6-C32F-4F9C-886E-1D3436DB3F00}.Debug|x86.ActiveCfg = Debug|Any CPU
		{D0D243E6-C32F-4F9C-886E-1D3436DB3F00}.Release|Any CPU.ActiveCfg = Release|Any CPU
		{D0D243E6-C32F-4F9C-886E-1D3436DB3F00}.Release|Any CPU.Build.0 = Release|Any CPU
		{D0D243E6-C32F-4F9C-886E-1D3436DB3F00}.Release|Mixed Platforms.ActiveCfg = Release|Any CPU
		{D0D243E6-C32F-4F9C-886E-1D3436DB3F00}.Release|Mixed Platforms.Build.0 = Release|Any CPU
		{D0D243E6-C32F-4F9C-886E-1D3436DB3F00}.Release|x86.ActiveCfg = Release|Any CPU
		{87F2CE94-8D86-43EB-BFD5-C5F9D8F1E72C}.Debug|Any CPU.ActiveCfg = Debug|x86
		{87F2CE94-8D86-43EB-BFD5-C5F9D8F1E72C}.Debug|Mixed Platforms.ActiveCfg = Debug|x86
		{87F2CE94-8D86-43EB-BFD5-C5F9D8F1E72C}.Debug|Mixed Platforms.Build.0 = Debug|x86
		{87F2CE94-8D86-43EB-BFD5-C5F9D8F1E72C}.Debug|x86.ActiveCfg = Debug|x86
		{87F2CE94-8D86-43EB-BFD5-C5F9D8F1E72C}.Debug|x86.Build.0 = Debug|x86
		{87F2CE94-8D86-43EB-BFD5-C5F9D8F1E72C}.Release|Any CPU.ActiveCfg = Release|x86
		{87F2CE94-8D86-43EB-BFD5-C5F9D8F1E72C}.Release|Mixed Platforms.ActiveCfg = Release|x86
		{87F2CE94-8D86-43EB-BFD5-C5F9D8F1E72C}.Release|Mixed Platforms.Build.0 = Release|x86
		{87F2CE94-8D86-43EB-BFD5-C5F9D8F1E72C}.Release|x86.ActiveCfg = Release|x86
		{87F2CE94-8D86-43EB-BFD5-C5F9D8F1E72C}.Release|x86.Build.0 = Release|x86
		{34EE9DC0-8660-4C62-B872-DB90AB0BCD81}.Debug|Any CPU.ActiveCfg = Debug|Any CPU
		{34EE9DC0-8660-4C62-B872-DB90AB0BCD81}.Debug|Any CPU.Build.0 = Debug|Any CPU
		{34EE9DC0-8660-4C62-B872-DB90AB0BCD81}.Debug|Mixed Platforms.ActiveCfg = Debug|Any CPU
		{34EE9DC0-8660-4C62-B872-DB90AB0BCD81}.Debug|Mixed Platforms.Build.0 = Debug|Any CPU
		{34EE9DC0-8660-4C62-B872-DB90AB0BCD81}.Debug|x86.ActiveCfg = Debug|Any CPU
		{34EE9DC0-8660-4C62-B872-DB90AB0BCD81}.Release|Any CPU.ActiveCfg = Release|Any CPU
		{34EE9DC0-8660-4C62-B872-DB90AB0BCD81}.Release|Any CPU.Build.0 = Release|Any CPU
		{34EE9DC0-8660-4C62-B872-DB90AB0BCD81}.Release|Mixed Platforms.ActiveCfg = Release|Any CPU
		{34EE9DC0-8660-4C62-B872-DB90AB0BCD81}.Release|Mixed Platforms.Build.0 = Release|Any CPU
		{34EE9DC0-8660-4C62-B872-DB90AB0BCD81}.Release|x86.ActiveCfg = Release|Any CPU
		{EB9395D8-0D59-4F50-90BF-46502F5C96C3}.Debug|Any CPU.ActiveCfg = Debug|Any CPU
		{EB9395D8-0D59-4F50-90BF-46502F5C96C3}.Debug|Any CPU.Build.0 = Debug|Any CPU
		{EB9395D8-0D59-4F50-90BF-46502F5C96C3}.Debug|Mixed Platforms.ActiveCfg = Debug|Any CPU
		{EB9395D8-0D59-4F50-90BF-46502F5C96C3}.Debug|Mixed Platforms.Build.0 = Debug|Any CPU
		{EB9395D8-0D59-4F50-90BF-46502F5C96C3}.Debug|x86.ActiveCfg = Debug|Any CPU
		{EB9395D8-0D59-4F50-90BF-46502F5C96C3}.Release|Any CPU.ActiveCfg = Release|Any CPU
		{EB9395D8-0D59-4F50-90BF-46502F5C96C3}.Release|Any CPU.Build.0 = Release|Any CPU
		{EB9395D8-0D59-4F50-90BF-46502F5C96C3}.Release|Mixed Platforms.ActiveCfg = Release|Any CPU
		{EB9395D8-0D59-4F50-90BF-46502F5C96C3}.Release|Mixed Platforms.Build.0 = Release|Any CPU
		{EB9395D8-0D59-4F50-90BF-46502F5C96C3}.Release|x86.ActiveCfg = Release|Any CPU
		{2C9A9185-0E41-481C-B723-3CCAA6985F9F}.Debug|Any CPU.ActiveCfg = Debug|Any CPU
		{2C9A9185-0E41-481C-B723-3CCAA6985F9F}.Debug|Any CPU.Build.0 = Debug|Any CPU
		{2C9A9185-0E41-481C-B723-3CCAA6985F9F}.Debug|Mixed Platforms.ActiveCfg = Debug|Any CPU
		{2C9A9185-0E41-481C-B723-3CCAA6985F9F}.Debug|Mixed Platforms.Build.0 = Debug|Any CPU
		{2C9A9185-0E41-481C-B723-3CCAA6985F9F}.Debug|x86.ActiveCfg = Debug|Any CPU
		{2C9A9185-0E41-481C-B723-3CCAA6985F9F}.Release|Any CPU.ActiveCfg = Release|Any CPU
		{2C9A9185-0E41-481C-B723-3CCAA6985F9F}.Release|Any CPU.Build.0 = Release|Any CPU
		{2C9A9185-0E41-481C-B723-3CCAA6985F9F}.Release|Mixed Platforms.ActiveCfg = Release|Any CPU
		{2C9A9185-0E41-481C-B723-3CCAA6985F9F}.Release|Mixed Platforms.Build.0 = Release|Any CPU
		{2C9A9185-0E41-481C-B723-3CCAA6985F9F}.Release|x86.ActiveCfg = Release|Any CPU
		{67B8CF90-FB0A-4B7B-9F2E-48A8CA9DB898}.Debug|Any CPU.ActiveCfg = Debug|Any CPU
		{67B8CF90-FB0A-4B7B-9F2E-48A8CA9DB898}.Debug|Any CPU.Build.0 = Debug|Any CPU
		{67B8CF90-FB0A-4B7B-9F2E-48A8CA9DB898}.Debug|Mixed Platforms.ActiveCfg = Debug|Any CPU
		{67B8CF90-FB0A-4B7B-9F2E-48A8CA9DB898}.Debug|Mixed Platforms.Build.0 = Debug|Any CPU
		{67B8CF90-FB0A-4B7B-9F2E-48A8CA9DB898}.Debug|x86.ActiveCfg = Debug|Any CPU
		{67B8CF90-FB0A-4B7B-9F2E-48A8CA9DB898}.Release|Any CPU.ActiveCfg = Release|Any CPU
		{67B8CF90-FB0A-4B7B-9F2E-48A8CA9DB898}.Release|Any CPU.Build.0 = Release|Any CPU
		{67B8CF90-FB0A-4B7B-9F2E-48A8CA9DB898}.Release|Mixed Platforms.ActiveCfg = Release|Any CPU
		{67B8CF90-FB0A-4B7B-9F2E-48A8CA9DB898}.Release|Mixed Platforms.Build.0 = Release|Any CPU
		{67B8CF90-FB0A-4B7B-9F2E-48A8CA9DB898}.Release|x86.ActiveCfg = Release|Any CPU
		{1BB13CE1-3106-4D8B-891B-343D561B1C13}.Debug|Any CPU.ActiveCfg = Debug|Any CPU
		{1BB13CE1-3106-4D8B-891B-343D561B1C13}.Debug|Any CPU.Build.0 = Debug|Any CPU
		{1BB13CE1-3106-4D8B-891B-343D561B1C13}.Debug|Mixed Platforms.ActiveCfg = Debug|Any CPU
		{1BB13CE1-3106-4D8B-891B-343D561B1C13}.Debug|Mixed Platforms.Build.0 = Debug|Any CPU
		{1BB13CE1-3106-4D8B-891B-343D561B1C13}.Debug|x86.ActiveCfg = Debug|Any CPU
		{1BB13CE1-3106-4D8B-891B-343D561B1C13}.Release|Any CPU.ActiveCfg = Release|Any CPU
		{1BB13CE1-3106-4D8B-891B-343D561B1C13}.Release|Any CPU.Build.0 = Release|Any CPU
		{1BB13CE1-3106-4D8B-891B-343D561B1C13}.Release|Mixed Platforms.ActiveCfg = Release|Any CPU
		{1BB13CE1-3106-4D8B-891B-343D561B1C13}.Release|Mixed Platforms.Build.0 = Release|Any CPU
		{1BB13CE1-3106-4D8B-891B-343D561B1C13}.Release|x86.ActiveCfg = Release|Any CPU
		{38C77C18-A2C6-4C67-ACAE-9C139AE6213B}.Debug|Any CPU.ActiveCfg = Debug|Any CPU
		{38C77C18-A2C6-4C67-ACAE-9C139AE6213B}.Debug|Any CPU.Build.0 = Debug|Any CPU
		{38C77C18-A2C6-4C67-ACAE-9C139AE6213B}.Debug|Mixed Platforms.ActiveCfg = Debug|Any CPU
		{38C77C18-A2C6-4C67-ACAE-9C139AE6213B}.Debug|Mixed Platforms.Build.0 = Debug|Any CPU
		{38C77C18-A2C6-4C67-ACAE-9C139AE6213B}.Debug|x86.ActiveCfg = Debug|Any CPU
		{38C77C18-A2C6-4C67-ACAE-9C139AE6213B}.Release|Any CPU.ActiveCfg = Release|Any CPU
		{38C77C18-A2C6-4C67-ACAE-9C139AE6213B}.Release|Any CPU.Build.0 = Release|Any CPU
		{38C77C18-A2C6-4C67-ACAE-9C139AE6213B}.Release|Mixed Platforms.ActiveCfg = Release|Any CPU
		{38C77C18-A2C6-4C67-ACAE-9C139AE6213B}.Release|Mixed Platforms.Build.0 = Release|Any CPU
		{38C77C18-A2C6-4C67-ACAE-9C139AE6213B}.Release|x86.ActiveCfg = Release|Any CPU
		{B5D6D75D-2685-48D4-80A1-413327D929FF}.Debug|Any CPU.ActiveCfg = Debug|Any CPU
		{B5D6D75D-2685-48D4-80A1-413327D929FF}.Debug|Any CPU.Build.0 = Debug|Any CPU
		{B5D6D75D-2685-48D4-80A1-413327D929FF}.Debug|Mixed Platforms.ActiveCfg = Debug|Any CPU
		{B5D6D75D-2685-48D4-80A1-413327D929FF}.Debug|Mixed Platforms.Build.0 = Debug|Any CPU
		{B5D6D75D-2685-48D4-80A1-413327D929FF}.Debug|x86.ActiveCfg = Debug|Any CPU
		{B5D6D75D-2685-48D4-80A1-413327D929FF}.Release|Any CPU.ActiveCfg = Release|Any CPU
		{B5D6D75D-2685-48D4-80A1-413327D929FF}.Release|Any CPU.Build.0 = Release|Any CPU
		{B5D6D75D-2685-48D4-80A1-413327D929FF}.Release|Mixed Platforms.ActiveCfg = Release|Any CPU
		{B5D6D75D-2685-48D4-80A1-413327D929FF}.Release|Mixed Platforms.Build.0 = Release|Any CPU
		{B5D6D75D-2685-48D4-80A1-413327D929FF}.Release|x86.ActiveCfg = Release|Any CPU
		{89FCE79F-7ED8-4E6F-B966-48F1890B46B1}.Debug|Any CPU.ActiveCfg = Debug|Any CPU
		{89FCE79F-7ED8-4E6F-B966-48F1890B46B1}.Debug|Any CPU.Build.0 = Debug|Any CPU
		{89FCE79F-7ED8-4E6F-B966-48F1890B46B1}.Debug|Mixed Platforms.ActiveCfg = Debug|Any CPU
		{89FCE79F-7ED8-4E6F-B966-48F1890B46B1}.Debug|Mixed Platforms.Build.0 = Debug|Any CPU
		{89FCE79F-7ED8-4E6F-B966-48F1890B46B1}.Debug|x86.ActiveCfg = Debug|Any CPU
		{89FCE79F-7ED8-4E6F-B966-48F1890B46B1}.Release|Any CPU.ActiveCfg = Release|Any CPU
		{89FCE79F-7ED8-4E6F-B966-48F1890B46B1}.Release|Any CPU.Build.0 = Release|Any CPU
		{89FCE79F-7ED8-4E6F-B966-48F1890B46B1}.Release|Mixed Platforms.ActiveCfg = Release|Any CPU
		{89FCE79F-7ED8-4E6F-B966-48F1890B46B1}.Release|Mixed Platforms.Build.0 = Release|Any CPU
		{89FCE79F-7ED8-4E6F-B966-48F1890B46B1}.Release|x86.ActiveCfg = Release|Any CPU
		{45A2169D-EAB4-445B-A87D-815C1CE07F35}.Debug|Any CPU.ActiveCfg = Debug|Any CPU
		{45A2169D-EAB4-445B-A87D-815C1CE07F35}.Debug|Any CPU.Build.0 = Debug|Any CPU
		{45A2169D-EAB4-445B-A87D-815C1CE07F35}.Debug|Mixed Platforms.ActiveCfg = Debug|Any CPU
		{45A2169D-EAB4-445B-A87D-815C1CE07F35}.Debug|Mixed Platforms.Build.0 = Debug|Any CPU
		{45A2169D-EAB4-445B-A87D-815C1CE07F35}.Debug|x86.ActiveCfg = Debug|Any CPU
		{45A2169D-EAB4-445B-A87D-815C1CE07F35}.Release|Any CPU.ActiveCfg = Release|Any CPU
		{45A2169D-EAB4-445B-A87D-815C1CE07F35}.Release|Any CPU.Build.0 = Release|Any CPU
		{45A2169D-EAB4-445B-A87D-815C1CE07F35}.Release|Mixed Platforms.ActiveCfg = Release|Any CPU
		{45A2169D-EAB4-445B-A87D-815C1CE07F35}.Release|Mixed Platforms.Build.0 = Release|Any CPU
		{45A2169D-EAB4-445B-A87D-815C1CE07F35}.Release|x86.ActiveCfg = Release|Any CPU
		{161AA32E-3388-4817-A9A7-04A1FE9D46B6}.Debug|Any CPU.ActiveCfg = Debug|Any CPU
		{161AA32E-3388-4817-A9A7-04A1FE9D46B6}.Debug|Any CPU.Build.0 = Debug|Any CPU
		{161AA32E-3388-4817-A9A7-04A1FE9D46B6}.Debug|Mixed Platforms.ActiveCfg = Debug|Any CPU
		{161AA32E-3388-4817-A9A7-04A1FE9D46B6}.Debug|Mixed Platforms.Build.0 = Debug|Any CPU
		{161AA32E-3388-4817-A9A7-04A1FE9D46B6}.Debug|x86.ActiveCfg = Debug|Any CPU
		{161AA32E-3388-4817-A9A7-04A1FE9D46B6}.Release|Any CPU.ActiveCfg = Release|Any CPU
		{161AA32E-3388-4817-A9A7-04A1FE9D46B6}.Release|Any CPU.Build.0 = Release|Any CPU
		{161AA32E-3388-4817-A9A7-04A1FE9D46B6}.Release|Mixed Platforms.ActiveCfg = Release|Any CPU
		{161AA32E-3388-4817-A9A7-04A1FE9D46B6}.Release|Mixed Platforms.Build.0 = Release|Any CPU
		{161AA32E-3388-4817-A9A7-04A1FE9D46B6}.Release|x86.ActiveCfg = Release|Any CPU
		{CA1ECD15-19B2-49B7-A9EC-101E2BA8FFBF}.Debug|Any CPU.ActiveCfg = Debug|Any CPU
		{CA1ECD15-19B2-49B7-A9EC-101E2BA8FFBF}.Debug|Any CPU.Build.0 = Debug|Any CPU
		{CA1ECD15-19B2-49B7-A9EC-101E2BA8FFBF}.Debug|Mixed Platforms.ActiveCfg = Debug|Any CPU
		{CA1ECD15-19B2-49B7-A9EC-101E2BA8FFBF}.Debug|Mixed Platforms.Build.0 = Debug|Any CPU
		{CA1ECD15-19B2-49B7-A9EC-101E2BA8FFBF}.Debug|x86.ActiveCfg = Debug|Any CPU
		{CA1ECD15-19B2-49B7-A9EC-101E2BA8FFBF}.Release|Any CPU.ActiveCfg = Release|Any CPU
		{CA1ECD15-19B2-49B7-A9EC-101E2BA8FFBF}.Release|Any CPU.Build.0 = Release|Any CPU
		{CA1ECD15-19B2-49B7-A9EC-101E2BA8FFBF}.Release|Mixed Platforms.ActiveCfg = Release|Any CPU
		{CA1ECD15-19B2-49B7-A9EC-101E2BA8FFBF}.Release|Mixed Platforms.Build.0 = Release|Any CPU
		{CA1ECD15-19B2-49B7-A9EC-101E2BA8FFBF}.Release|x86.ActiveCfg = Release|Any CPU
		{46CCD00E-83E2-4E0E-9AD3-E675C050E710}.Debug|Any CPU.ActiveCfg = Debug|Any CPU
		{46CCD00E-83E2-4E0E-9AD3-E675C050E710}.Debug|Any CPU.Build.0 = Debug|Any CPU
		{46CCD00E-83E2-4E0E-9AD3-E675C050E710}.Debug|Mixed Platforms.ActiveCfg = Debug|Any CPU
		{46CCD00E-83E2-4E0E-9AD3-E675C050E710}.Debug|Mixed Platforms.Build.0 = Debug|Any CPU
		{46CCD00E-83E2-4E0E-9AD3-E675C050E710}.Debug|x86.ActiveCfg = Debug|Any CPU
		{46CCD00E-83E2-4E0E-9AD3-E675C050E710}.Release|Any CPU.ActiveCfg = Release|Any CPU
		{46CCD00E-83E2-4E0E-9AD3-E675C050E710}.Release|Any CPU.Build.0 = Release|Any CPU
		{46CCD00E-83E2-4E0E-9AD3-E675C050E710}.Release|Mixed Platforms.ActiveCfg = Release|Any CPU
		{46CCD00E-83E2-4E0E-9AD3-E675C050E710}.Release|Mixed Platforms.Build.0 = Release|Any CPU
		{46CCD00E-83E2-4E0E-9AD3-E675C050E710}.Release|x86.ActiveCfg = Release|Any CPU
		{BFB03438-2A4C-4E5B-B7FF-340CCCA075EB}.Debug|Any CPU.ActiveCfg = Debug|Any CPU
		{BFB03438-2A4C-4E5B-B7FF-340CCCA075EB}.Debug|Any CPU.Build.0 = Debug|Any CPU
		{BFB03438-2A4C-4E5B-B7FF-340CCCA075EB}.Debug|Mixed Platforms.ActiveCfg = Debug|Any CPU
		{BFB03438-2A4C-4E5B-B7FF-340CCCA075EB}.Debug|Mixed Platforms.Build.0 = Debug|Any CPU
		{BFB03438-2A4C-4E5B-B7FF-340CCCA075EB}.Debug|x86.ActiveCfg = Debug|Any CPU
		{BFB03438-2A4C-4E5B-B7FF-340CCCA075EB}.Release|Any CPU.ActiveCfg = Release|Any CPU
		{BFB03438-2A4C-4E5B-B7FF-340CCCA075EB}.Release|Any CPU.Build.0 = Release|Any CPU
		{BFB03438-2A4C-4E5B-B7FF-340CCCA075EB}.Release|Mixed Platforms.ActiveCfg = Release|Any CPU
		{BFB03438-2A4C-4E5B-B7FF-340CCCA075EB}.Release|Mixed Platforms.Build.0 = Release|Any CPU
		{BFB03438-2A4C-4E5B-B7FF-340CCCA075EB}.Release|x86.ActiveCfg = Release|Any CPU
	EndGlobalSection
	GlobalSection(SolutionProperties) = preSolution
		HideSolutionNode = FALSE
	EndGlobalSection
	GlobalSection(NestedProjects) = preSolution
		{2C9A9185-0E41-481C-B723-3CCAA6985F9F} = {5349ECF3-0488-4F47-9A90-D19DAA3AE70B}
		{67B8CF90-FB0A-4B7B-9F2E-48A8CA9DB898} = {5349ECF3-0488-4F47-9A90-D19DAA3AE70B}
		{1BB13CE1-3106-4D8B-891B-343D561B1C13} = {5349ECF3-0488-4F47-9A90-D19DAA3AE70B}
		{38C77C18-A2C6-4C67-ACAE-9C139AE6213B} = {5349ECF3-0488-4F47-9A90-D19DAA3AE70B}
		{B5D6D75D-2685-48D4-80A1-413327D929FF} = {5349ECF3-0488-4F47-9A90-D19DAA3AE70B}
		{45A2169D-EAB4-445B-A87D-815C1CE07F35} = {5349ECF3-0488-4F47-9A90-D19DAA3AE70B}
		{161AA32E-3388-4817-A9A7-04A1FE9D46B6} = {5349ECF3-0488-4F47-9A90-D19DAA3AE70B}
		{CA1ECD15-19B2-49B7-A9EC-101E2BA8FFBF} = {2F3198EE-546E-4549-8966-DCD1BA98F9DA}
		{46CCD00E-83E2-4E0E-9AD3-E675C050E710} = {2F3198EE-546E-4549-8966-DCD1BA98F9DA}
		{BFB03438-2A4C-4E5B-B7FF-340CCCA075EB} = {2F3198EE-546E-4549-8966-DCD1BA98F9DA}
	EndGlobalSection
EndGlobal
